
Microsoft Visual Studio Solution File, Format Version 12.00
# Visual Studio 15
VisualStudioVersion = 15.0.27703.2035
MinimumVisualStudioVersion = 10.0.40219.1
Project("{FAE04EC0-301F-11D3-BF4B-00C04F79EFBC}") = "LibraryManagementSystem", "LibraryManagementSystem\LibraryManagementSystem.csproj", "{E1BB1685-36B1-48EF-B8C1-6AD95C31935A}"
EndProject
Global
	GlobalSection(SolutionConfigurationPlatforms) = preSolution
		Debug|Any CPU = Debug|Any CPU
		Release|Any CPU = Release|Any CPU
	EndGlobalSection
	GlobalSection(ProjectConfigurationPlatforms) = postSolution
		{E1BB1685-36B1-48EF-B8C1-6AD95C31935A}.Debug|Any CPU.ActiveCfg = Debug|Any CPU
		{E1BB1685-36B1-48EF-B8C1-6AD95C31935A}.Debug|Any CPU.Build.0 = Debug|Any CPU
		{E1BB1685-36B1-48EF-B8C1-6AD95C31935A}.Release|Any CPU.ActiveCfg = Release|Any CPU
		{E1BB1685-36B1-48EF-B8C1-6AD95C31935A}.Release|Any CPU.Build.0 = Release|Any CPU
	EndGlobalSection
	GlobalSection(SolutionProperties) = preSolution
		HideSolutionNode = FALSE
	EndGlobalSection
	GlobalSection(ExtensibilityGlobals) = postSolution
		SolutionGuid = {125E044A-ED91-4428-89CD-CB07F0F5BF93}
	EndGlobalSection
EndGlobal
